
Microsoft Visual Studio Solution File, Format Version 12.00
# Visual Studio Version 16
VisualStudioVersion = 16.0.29424.173
MinimumVisualStudioVersion = 10.0.40219.1
Project("{2150E333-8FDC-42A3-9474-1A3956D46DE8}") = "src", "src", "{9967C19C-DAE5-4977-ADC1-A28B9426AD9B}"
EndProject
Project("{2150E333-8FDC-42A3-9474-1A3956D46DE8}") = "tests", "tests", "{31D33EDE-F50D-4A72-8FF9-00358ED805F5}"
EndProject
Project("{9A19103F-16F7-4668-BE54-9A1E7A4F7556}") = "Core", "ApplicationCore\Core.csproj", "{6A610781-B63F-4CE8-8531-AB1C9C595F2C}"
EndProject
Project("{9A19103F-16F7-4668-BE54-9A1E7A4F7556}") = "Core.UnitTests", "ApplicationCore.UnitTests\Core.UnitTests.csproj", "{95CFED47-8DFB-4DD7-952A-5EDACE5A6010}"
EndProject
Project("{9A19103F-16F7-4668-BE54-9A1E7A4F7556}") = "Infrastructure", "Infrastructure\Infrastructure.csproj", "{CBF21D9C-6BF8-484E-AE8C-61153D8C2AA8}"
EndProject
Project("{FAE04EC0-301F-11D3-BF4B-00C04F79EFBC}") = "Infrastructure.UnitTests", "Infrastructure.UnitTests\Infrastructure.UnitTests.csproj", "{ECA74DDA-7E6C-4153-AC78-FEA4D49A18B5}"
EndProject
Global
	GlobalSection(SolutionConfigurationPlatforms) = preSolution
		Debug|Any CPU = Debug|Any CPU
		Release|Any CPU = Release|Any CPU
	EndGlobalSection
	GlobalSection(ProjectConfigurationPlatforms) = postSolution
		{6A610781-B63F-4CE8-8531-AB1C9C595F2C}.Debug|Any CPU.ActiveCfg = Debug|Any CPU
		{6A610781-B63F-4CE8-8531-AB1C9C595F2C}.Debug|Any CPU.Build.0 = Debug|Any CPU
		{6A610781-B63F-4CE8-8531-AB1C9C595F2C}.Release|Any CPU.ActiveCfg = Release|Any CPU
		{6A610781-B63F-4CE8-8531-AB1C9C595F2C}.Release|Any CPU.Build.0 = Release|Any CPU
		{95CFED47-8DFB-4DD7-952A-5EDACE5A6010}.Debug|Any CPU.ActiveCfg = Debug|Any CPU
		{95CFED47-8DFB-4DD7-952A-5EDACE5A6010}.Debug|Any CPU.Build.0 = Debug|Any CPU
		{95CFED47-8DFB-4DD7-952A-5EDACE5A6010}.Release|Any CPU.ActiveCfg = Release|Any CPU
		{95CFED47-8DFB-4DD7-952A-5EDACE5A6010}.Release|Any CPU.Build.0 = Release|Any CPU
		{CBF21D9C-6BF8-484E-AE8C-61153D8C2AA8}.Debug|Any CPU.ActiveCfg = Debug|Any CPU
		{CBF21D9C-6BF8-484E-AE8C-61153D8C2AA8}.Debug|Any CPU.Build.0 = Debug|Any CPU
		{CBF21D9C-6BF8-484E-AE8C-61153D8C2AA8}.Release|Any CPU.ActiveCfg = Release|Any CPU
		{CBF21D9C-6BF8-484E-AE8C-61153D8C2AA8}.Release|Any CPU.Build.0 = Release|Any CPU
		{ECA74DDA-7E6C-4153-AC78-FEA4D49A18B5}.Debug|Any CPU.ActiveCfg = Debug|Any CPU
		{ECA74DDA-7E6C-4153-AC78-FEA4D49A18B5}.Debug|Any CPU.Build.0 = Debug|Any CPU
		{ECA74DDA-7E6C-4153-AC78-FEA4D49A18B5}.Release|Any CPU.ActiveCfg = Release|Any CPU
		{ECA74DDA-7E6C-4153-AC78-FEA4D49A18B5}.Release|Any CPU.Build.0 = Release|Any CPU
	EndGlobalSection
	GlobalSection(SolutionProperties) = preSolution
		HideSolutionNode = FALSE
	EndGlobalSection
	GlobalSection(NestedProjects) = preSolution
		{6A610781-B63F-4CE8-8531-AB1C9C595F2C} = {9967C19C-DAE5-4977-ADC1-A28B9426AD9B}
		{95CFED47-8DFB-4DD7-952A-5EDACE5A6010} = {31D33EDE-F50D-4A72-8FF9-00358ED805F5}
		{CBF21D9C-6BF8-484E-AE8C-61153D8C2AA8} = {9967C19C-DAE5-4977-ADC1-A28B9426AD9B}
		{ECA74DDA-7E6C-4153-AC78-FEA4D49A18B5} = {31D33EDE-F50D-4A72-8FF9-00358ED805F5}
	EndGlobalSection
	GlobalSection(ExtensibilityGlobals) = postSolution
		SolutionGuid = {A4424D12-2DEF-4A20-93EB-7331980FF45E}
	EndGlobalSection
EndGlobal
